lockfileVersion: '6.0'

settings:
  autoInstallPeers: true
  excludeLinksFromLockfile: false

dependencies:
  acorn:
    specifier: ^8.14.0
    version: 8.14.0
  acorn-walk:
    specifier: ^8.3.4
    version: 8.3.4
  gremlins.js:
    specifier: ^2.2.0
    version: 2.2.0
  playwright:
    specifier: ^1.47.1
    version: 1.47.1

packages:

  /acorn-walk@8.3.4:
    resolution: {integrity: sha512-ueEepnujpqee2o5aIYnvHU6C0A42MNdsIDeqy5BydrkuC5R1ZuUFnm27EeFJGoEHJQgn3uleRvmTXaJgfXbt4g==}
    engines: {node: '>=0.4.0'}
    dependencies:
      acorn: 8.14.0
    dev: false

  /acorn@8.14.0:
    resolution: {integrity: sha512-cl669nCJTZBsL97OF4kUQm5g5hC2uihk0NxY3WENAC0TYdILVkAyHymAntgxGkl7K+t0cXIrH5siy5S4XkFycA==}
    engines: {node: '>=0.4.0'}
    hasBin: true
    dev: false

  /chance@1.1.12:
    resolution: {integrity: sha512-vVBIGQVnwtUG+SYe0ge+3MvF78cvSpuCOEUJr7sVEk2vSBuMW6OXNJjSzdtzrlxNUEaoqH2GBd5Y/+18BEB01Q==}
    dev: false

  /core-js@3.38.1:
    resolution: {integrity: sha512-OP35aUorbU3Zvlx7pjsFdu1rGNnD4pgw/CWoYzRY3t2EzoVT7shKHY1dlAy3f41cGIO7ZDPQimhGFTlEYkG/Hw==}
    requiresBuild: true
    dev: false

  /fsevents@2.3.2:
    resolution: {integrity: sha512-xiqMQR4xAeHTuB9uWm+fFRcIOgKBMiOBP+eXiyT7jsgVCq1bkVygt00oASowB7EdtpOHaaPgKt812P9ab+DDKA==}
    engines: {node: ^8.16.0 || ^10.6.0 || >=11.0.0}
    os: [darwin]
    requiresBuild: true
    dev: false
    optional: true

  /gremlins.js@2.2.0:
    resolution: {integrity: sha512-zVe4+WuCwTheg1OzBOdtiy7nZj52lWyWjCPMw/78wI1uAJdGlc97hVGYsZg0v75Hm+E91y5D+yG4U0lk7j/6xg==}
    dependencies:
      chance: 1.1.12
      core-js: 3.38.1
    dev: false

  /playwright-core@1.47.1:
    resolution: {integrity: sha512-i1iyJdLftqtt51mEk6AhYFaAJCDx0xQ/O5NU8EKaWFgMjItPVma542Nh/Aq8aLCjIJSzjaiEQGW/nyqLkGF1OQ==}
    engines: {node: '>=18'}
    hasBin: true
    dev: false

  /playwright@1.47.1:
    resolution: {integrity: sha512-SUEKi6947IqYbKxRiqnbUobVZY4bF1uu+ZnZNJX9DfU1tlf2UhWfvVjLf01pQx9URsOr18bFVUKXmanYWhbfkw==}
    engines: {node: '>=18'}
    hasBin: true
    dependencies:
      playwright-core: 1.47.1
    optionalDependencies:
      fsevents: 2.3.2
    dev: false
